
Microsoft Visual Studio Solution File, Format Version 10.00
# Visual Studio 2008
Project("{2150E333-8FDC-42A3-9474-1A3956D46DE8}") = "01. 文档加解密", "01. 文档加解密", "{593789A4-845F-4875-A728-89AEE9B689ED}"
EndProject
Project("{8BC9CEB8-8B4A-11D0-8D11-00A0C91BC942}") = "bgFileEncrypt", "bgFileEncrypt\bgFileEncrypt.vcproj", "{44DA154A-51B2-41C1-8362-85B2DAFAB8F1}"
EndProject
Project("{8BC9CEB8-8B4A-11D0-8D11-00A0C91BC942}") = "bgFileDecrypt", "bgFileDecrypt\bgFileDecrypt.vcproj", "{40395703-ABF0-4506-B0E0-989D260EA105}"
EndProject
Project("{2150E333-8FDC-42A3-9474-1A3956D46DE8}") = "02. 基于OpenCV的人脸识别", "02. 基于OpenCV的人脸识别", "{BC92E422-3EB6-4CA1-A519-553BC1DE263A}"
EndProject
Project("{2150E333-8FDC-42A3-9474-1A3956D46DE8}") = "03. 图像信息应用", "03. 图像信息应用", "{D22E5594-A602-465C-B4D2-EAAFE902E904}"
EndProject
Project("{8BC9CEB8-8B4A-11D0-8D11-00A0C91BC942}") = "bgImageExif", "bgImageExif\bgImageExif.vcproj", "{83425955-6972-494E-9CDA-88C177A3EF30}"
EndProject
Project("{2150E333-8FDC-42A3-9474-1A3956D46DE8}") = "04. Office", "04. Office", "{1B000378-F553-40F2-92B2-FA5361588EC5}"
EndProject
Project("{8BC9CEB8-8B4A-11D0-8D11-00A0C91BC942}") = "ExcelApp", "ExcelApp\ExcelApp.vcproj", "{6893E725-DBFC-489D-B9CE-E6C2BC7950FC}"
EndProject
Global
	GlobalSection(SolutionConfigurationPlatforms) = preSolution
		Debug|Win32 = Debug|Win32
		Release|Win32 = Release|Win32
	EndGlobalSection
	GlobalSection(ProjectConfigurationPlatforms) = postSolution
		{44DA154A-51B2-41C1-8362-85B2DAFAB8F1}.Debug|Win32.ActiveCfg = Debug|Win32
		{44DA154A-51B2-41C1-8362-85B2DAFAB8F1}.Debug|Win32.Build.0 = Debug|Win32
		{44DA154A-51B2-41C1-8362-85B2DAFAB8F1}.Release|Win32.ActiveCfg = Release|Win32
		{44DA154A-51B2-41C1-8362-85B2DAFAB8F1}.Release|Win32.Build.0 = Release|Win32
		{40395703-ABF0-4506-B0E0-989D260EA105}.Debug|Win32.ActiveCfg = Debug|Win32
		{40395703-ABF0-4506-B0E0-989D260EA105}.Debug|Win32.Build.0 = Debug|Win32
		{40395703-ABF0-4506-B0E0-989D260EA105}.Release|Win32.ActiveCfg = Release|Win32
		{40395703-ABF0-4506-B0E0-989D260EA105}.Release|Win32.Build.0 = Release|Win32
		{83425955-6972-494E-9CDA-88C177A3EF30}.Debug|Win32.ActiveCfg = Debug|Win32
		{83425955-6972-494E-9CDA-88C177A3EF30}.Debug|Win32.Build.0 = Debug|Win32
		{83425955-6972-494E-9CDA-88C177A3EF30}.Release|Win32.ActiveCfg = Release|Win32
		{83425955-6972-494E-9CDA-88C177A3EF30}.Release|Win32.Build.0 = Release|Win32
		{6893E725-DBFC-489D-B9CE-E6C2BC7950FC}.Debug|Win32.ActiveCfg = Debug|Win32
		{6893E725-DBFC-489D-B9CE-E6C2BC7950FC}.Debug|Win32.Build.0 = Debug|Win32
		{6893E725-DBFC-489D-B9CE-E6C2BC7950FC}.Release|Win32.ActiveCfg = Release|Win32
		{6893E725-DBFC-489D-B9CE-E6C2BC7950FC}.Release|Win32.Build.0 = Release|Win32
	EndGlobalSection
	GlobalSection(SolutionProperties) = preSolution
		HideSolutionNode = FALSE
	EndGlobalSection
	GlobalSection(NestedProjects) = preSolution
		{44DA154A-51B2-41C1-8362-85B2DAFAB8F1} = {593789A4-845F-4875-A728-89AEE9B689ED}
		{40395703-ABF0-4506-B0E0-989D260EA105} = {593789A4-845F-4875-A728-89AEE9B689ED}
		{83425955-6972-494E-9CDA-88C177A3EF30} = {D22E5594-A602-465C-B4D2-EAAFE902E904}
		{6893E725-DBFC-489D-B9CE-E6C2BC7950FC} = {1B000378-F553-40F2-92B2-FA5361588EC5}
	EndGlobalSection
EndGlobal
